<Solution>
  <Folder Name="/src/" />
  <Folder Name="/src/Client/">
    <Project Path="src/Client/MiniTCPTunnel.Client.csproj" />
  </Folder>
  <Folder Name="/src/Server/">
    <Project Path="src/Server/MiniTCPTunnel.Server.csproj" />
  </Folder>
  <Folder Name="/src/Shared/">
    <Project Path="src/Shared/MiniTCPTunnel.Shared.csproj" />
  </Folder>
</Solution>
