
Microsoft Visual Studio Solution File, Format Version 12.00
# Visual Studio Version 17
VisualStudioVersion = 17.0.31903.59
MinimumVisualStudioVersion = 10.0.40219.1
Project("{2150E333-8FDC-42A3-9474-1A3956D46DE8}") = "src", "src", "{827E0CD3-B72D-47B6-A68D-7590B98EB39B}"
EndProject
Project("{FAE04EC0-301F-11D3-BF4B-00C04F79EFBC}") = "IronRose.Engine", "src\IronRose.Engine\IronRose.Engine.csproj", "{4EF7C4E8-831A-4BAE-A001-5592314F1F96}"
EndProject
Project("{FAE04EC0-301F-11D3-BF4B-00C04F79EFBC}") = "IronRose.Scripting", "src\IronRose.Scripting\IronRose.Scripting.csproj", "{DE7D0096-76B8-412C-B773-22D6802DE6AC}"
EndProject
Project("{FAE04EC0-301F-11D3-BF4B-00C04F79EFBC}") = "IronRose.AssetPipeline", "src\IronRose.AssetPipeline\IronRose.AssetPipeline.csproj", "{4A032D14-0078-4071-9323-FFD3AB7BD3A9}"
EndProject
Project("{FAE04EC0-301F-11D3-BF4B-00C04F79EFBC}") = "IronRose.Rendering", "src\IronRose.Rendering\IronRose.Rendering.csproj", "{94163244-1B88-40CA-A7E2-8038778BBF9B}"
EndProject
Project("{FAE04EC0-301F-11D3-BF4B-00C04F79EFBC}") = "IronRose.Physics", "src\IronRose.Physics\IronRose.Physics.csproj", "{2CF49029-CB84-4AF7-A3B5-3A78CF6FC694}"
EndProject
Project("{FAE04EC0-301F-11D3-BF4B-00C04F79EFBC}") = "IronRose.Bootstrapper", "src\IronRose.Bootstrapper\IronRose.Bootstrapper.csproj", "{F1BCDAE1-F39C-466F-8E40-DCD6958A0716}"
EndProject
Project("{FAE04EC0-301F-11D3-BF4B-00C04F79EFBC}") = "IronRose.Contracts", "src\IronRose.Contracts\IronRose.Contracts.csproj", "{A0722EA3-38E2-4979-AE0A-01ADDC46D547}"
EndProject
Global
	GlobalSection(SolutionConfigurationPlatforms) = preSolution
		Debug|Any CPU = Debug|Any CPU
		Debug|x64 = Debug|x64
		Debug|x86 = Debug|x86
		Release|Any CPU = Release|Any CPU
		Release|x64 = Release|x64
		Release|x86 = Release|x86
	EndGlobalSection
	GlobalSection(ProjectConfigurationPlatforms) = postSolution
		{4EF7C4E8-831A-4BAE-A001-5592314F1F96}.Debug|Any CPU.ActiveCfg = Debug|Any CPU
		{4EF7C4E8-831A-4BAE-A001-5592314F1F96}.Debug|Any CPU.Build.0 = Debug|Any CPU
		{4EF7C4E8-831A-4BAE-A001-5592314F1F96}.Debug|x64.ActiveCfg = Debug|Any CPU
		{4EF7C4E8-831A-4BAE-A001-5592314F1F96}.Debug|x64.Build.0 = Debug|Any CPU
		{4EF7C4E8-831A-4BAE-A001-5592314F1F96}.Debug|x86.ActiveCfg = Debug|Any CPU
		{4EF7C4E8-831A-4BAE-A001-5592314F1F96}.Debug|x86.Build.0 = Debug|Any CPU
		{4EF7C4E8-831A-4BAE-A001-5592314F1F96}.Release|Any CPU.ActiveCfg = Release|Any CPU
		{4EF7C4E8-831A-4BAE-A001-5592314F1F96}.Release|Any CPU.Build.0 = Release|Any CPU
		{4EF7C4E8-831A-4BAE-A001-5592314F1F96}.Release|x64.ActiveCfg = Release|Any CPU
		{4EF7C4E8-831A-4BAE-A001-5592314F1F96}.Release|x64.Build.0 = Release|Any CPU
		{4EF7C4E8-831A-4BAE-A001-5592314F1F96}.Release|x86.ActiveCfg = Release|Any CPU
		{4EF7C4E8-831A-4BAE-A001-5592314F1F96}.Release|x86.Build.0 = Release|Any CPU
		{DE7D0096-76B8-412C-B773-22D6802DE6AC}.Debug|Any CPU.ActiveCfg = Debug|Any CPU
		{DE7D0096-76B8-412C-B773-22D6802DE6AC}.Debug|Any CPU.Build.0 = Debug|Any CPU
		{DE7D0096-76B8-412C-B773-22D6802DE6AC}.Debug|x64.ActiveCfg = Debug|Any CPU
		{DE7D0096-76B8-412C-B773-22D6802DE6AC}.Debug|x64.Build.0 = Debug|Any CPU
		{DE7D0096-76B8-412C-B773-22D6802DE6AC}.Debug|x86.ActiveCfg = Debug|Any CPU
		{DE7D0096-76B8-412C-B773-22D6802DE6AC}.Debug|x86.Build.0 = Debug|Any CPU
		{DE7D0096-76B8-412C-B773-22D6802DE6AC}.Release|Any CPU.ActiveCfg = Release|Any CPU
		{DE7D0096-76B8-412C-B773-22D6802DE6AC}.Release|Any CPU.Build.0 = Release|Any CPU
		{DE7D0096-76B8-412C-B773-22D6802DE6AC}.Release|x64.ActiveCfg = Release|Any CPU
		{DE7D0096-76B8-412C-B773-22D6802DE6AC}.Release|x64.Build.0 = Release|Any CPU
		{DE7D0096-76B8-412C-B773-22D6802DE6AC}.Release|x86.ActiveCfg = Release|Any CPU
		{DE7D0096-76B8-412C-B773-22D6802DE6AC}.Release|x86.Build.0 = Release|Any CPU
		{4A032D14-0078-4071-9323-FFD3AB7BD3A9}.Debug|Any CPU.ActiveCfg = Debug|Any CPU
		{4A032D14-0078-4071-9323-FFD3AB7BD3A9}.Debug|Any CPU.Build.0 = Debug|Any CPU
		{4A032D14-0078-4071-9323-FFD3AB7BD3A9}.Debug|x64.ActiveCfg = Debug|Any CPU
		{4A032D14-0078-4071-9323-FFD3AB7BD3A9}.Debug|x64.Build.0 = Debug|Any CPU
		{4A032D14-0078-4071-9323-FFD3AB7BD3A9}.Debug|x86.ActiveCfg = Debug|Any CPU
		{4A032D14-0078-4071-9323-FFD3AB7BD3A9}.Debug|x86.Build.0 = Debug|Any CPU
		{4A032D14-0078-4071-9323-FFD3AB7BD3A9}.Release|Any CPU.ActiveCfg = Release|Any CPU
		{4A032D14-0078-4071-9323-FFD3AB7BD3A9}.Release|Any CPU.Build.0 = Release|Any CPU
		{4A032D14-0078-4071-9323-FFD3AB7BD3A9}.Release|x64.ActiveCfg = Release|Any CPU
		{4A032D14-0078-4071-9323-FFD3AB7BD3A9}.Release|x64.Build.0 = Release|Any CPU
		{4A032D14-0078-4071-9323-FFD3AB7BD3A9}.Release|x86.ActiveCfg = Release|Any CPU
		{4A032D14-0078-4071-9323-FFD3AB7BD3A9}.Release|x86.Build.0 = Release|Any CPU
		{94163244-1B88-40CA-A7E2-8038778BBF9B}.Debug|Any CPU.ActiveCfg = Debug|Any CPU
		{94163244-1B88-40CA-A7E2-8038778BBF9B}.Debug|Any CPU.Build.0 = Debug|Any CPU
		{94163244-1B88-40CA-A7E2-8038778BBF9B}.Debug|x64.ActiveCfg = Debug|Any CPU
		{94163244-1B88-40CA-A7E2-8038778BBF9B}.Debug|x64.Build.0 = Debug|Any CPU
		{94163244-1B88-40CA-A7E2-8038778BBF9B}.Debug|x86.ActiveCfg = Debug|Any CPU
		{94163244-1B88-40CA-A7E2-8038778BBF9B}.Debug|x86.Build.0 = Debug|Any CPU
		{94163244-1B88-40CA-A7E2-8038778BBF9B}.Release|Any CPU.ActiveCfg = Release|Any CPU
		{94163244-1B88-40CA-A7E2-8038778BBF9B}.Release|Any CPU.Build.0 = Release|Any CPU
		{94163244-1B88-40CA-A7E2-8038778BBF9B}.Release|x64.ActiveCfg = Release|Any CPU
		{94163244-1B88-40CA-A7E2-8038778BBF9B}.Release|x64.Build.0 = Release|Any CPU
		{94163244-1B88-40CA-A7E2-8038778BBF9B}.Release|x86.ActiveCfg = Release|Any CPU
		{94163244-1B88-40CA-A7E2-8038778BBF9B}.Release|x86.Build.0 = Release|Any CPU
		{2CF49029-CB84-4AF7-A3B5-3A78CF6FC694}.Debug|Any CPU.ActiveCfg = Debug|Any CPU
		{2CF49029-CB84-4AF7-A3B5-3A78CF6FC694}.Debug|Any CPU.Build.0 = Debug|Any CPU
		{2CF49029-CB84-4AF7-A3B5-3A78CF6FC694}.Debug|x64.ActiveCfg = Debug|Any CPU
		{2CF49029-CB84-4AF7-A3B5-3A78CF6FC694}.Debug|x64.Build.0 = Debug|Any CPU
		{2CF49029-CB84-4AF7-A3B5-3A78CF6FC694}.Debug|x86.ActiveCfg = Debug|Any CPU
		{2CF49029-CB84-4AF7-A3B5-3A78CF6FC694}.Debug|x86.Build.0 = Debug|Any CPU
		{2CF49029-CB84-4AF7-A3B5-3A78CF6FC694}.Release|Any CPU.ActiveCfg = Release|Any CPU
		{2CF49029-CB84-4AF7-A3B5-3A78CF6FC694}.Release|Any CPU.Build.0 = Release|Any CPU
		{2CF49029-CB84-4AF7-A3B5-3A78CF6FC694}.Release|x64.ActiveCfg = Release|Any CPU
		{2CF49029-CB84-4AF7-A3B5-3A78CF6FC694}.Release|x64.Build.0 = Release|Any CPU
		{2CF49029-CB84-4AF7-A3B5-3A78CF6FC694}.Release|x86.ActiveCfg = Release|Any CPU
		{2CF49029-CB84-4AF7-A3B5-3A78CF6FC694}.Release|x86.Build.0 = Release|Any CPU
		{F1BCDAE1-F39C-466F-8E40-DCD6958A0716}.Debug|Any CPU.ActiveCfg = Debug|Any CPU
		{F1BCDAE1-F39C-466F-8E40-DCD6958A0716}.Debug|Any CPU.Build.0 = Debug|Any CPU
		{F1BCDAE1-F39C-466F-8E40-DCD6958A0716}.Debug|x64.ActiveCfg = Debug|Any CPU
		{F1BCDAE1-F39C-466F-8E40-DCD6958A0716}.Debug|x64.Build.0 = Debug|Any CPU
		{F1BCDAE1-F39C-466F-8E40-DCD6958A0716}.Debug|x86.ActiveCfg = Debug|Any CPU
		{F1BCDAE1-F39C-466F-8E40-DCD6958A0716}.Debug|x86.Build.0 = Debug|Any CPU
		{F1BCDAE1-F39C-466F-8E40-DCD6958A0716}.Release|Any CPU.ActiveCfg = Release|Any CPU
		{F1BCDAE1-F39C-466F-8E40-DCD6958A0716}.Release|Any CPU.Build.0 = Release|Any CPU
		{F1BCDAE1-F39C-466F-8E40-DCD6958A0716}.Release|x64.ActiveCfg = Release|Any CPU
		{F1BCDAE1-F39C-466F-8E40-DCD6958A0716}.Release|x64.Build.0 = Release|Any CPU
		{F1BCDAE1-F39C-466F-8E40-DCD6958A0716}.Release|x86.ActiveCfg = Release|Any CPU
		{F1BCDAE1-F39C-466F-8E40-DCD6958A0716}.Release|x86.Build.0 = Release|Any CPU
		{A0722EA3-38E2-4979-AE0A-01ADDC46D547}.Debug|Any CPU.ActiveCfg = Debug|Any CPU
		{A0722EA3-38E2-4979-AE0A-01ADDC46D547}.Debug|Any CPU.Build.0 = Debug|Any CPU
		{A0722EA3-38E2-4979-AE0A-01ADDC46D547}.Debug|x64.ActiveCfg = Debug|Any CPU
		{A0722EA3-38E2-4979-AE0A-01ADDC46D547}.Debug|x64.Build.0 = Debug|Any CPU
		{A0722EA3-38E2-4979-AE0A-01ADDC46D547}.Debug|x86.ActiveCfg = Debug|Any CPU
		{A0722EA3-38E2-4979-AE0A-01ADDC46D547}.Debug|x86.Build.0 = Debug|Any CPU
		{A0722EA3-38E2-4979-AE0A-01ADDC46D547}.Release|Any CPU.ActiveCfg = Release|Any CPU
		{A0722EA3-38E2-4979-AE0A-01ADDC46D547}.Release|Any CPU.Build.0 = Release|Any CPU
		{A0722EA3-38E2-4979-AE0A-01ADDC46D547}.Release|x64.ActiveCfg = Release|Any CPU
		{A0722EA3-38E2-4979-AE0A-01ADDC46D547}.Release|x64.Build.0 = Release|Any CPU
		{A0722EA3-38E2-4979-AE0A-01ADDC46D547}.Release|x86.ActiveCfg = Release|Any CPU
		{A0722EA3-38E2-4979-AE0A-01ADDC46D547}.Release|x86.Build.0 = Release|Any CPU
	EndGlobalSection
	GlobalSection(SolutionProperties) = preSolution
		HideSolutionNode = FALSE
	EndGlobalSection
	GlobalSection(NestedProjects) = preSolution
		{4EF7C4E8-831A-4BAE-A001-5592314F1F96} = {827E0CD3-B72D-47B6-A68D-7590B98EB39B}
		{DE7D0096-76B8-412C-B773-22D6802DE6AC} = {827E0CD3-B72D-47B6-A68D-7590B98EB39B}
		{4A032D14-0078-4071-9323-FFD3AB7BD3A9} = {827E0CD3-B72D-47B6-A68D-7590B98EB39B}
		{94163244-1B88-40CA-A7E2-8038778BBF9B} = {827E0CD3-B72D-47B6-A68D-7590B98EB39B}
		{2CF49029-CB84-4AF7-A3B5-3A78CF6FC694} = {827E0CD3-B72D-47B6-A68D-7590B98EB39B}
		{F1BCDAE1-F39C-466F-8E40-DCD6958A0716} = {827E0CD3-B72D-47B6-A68D-7590B98EB39B}
		{A0722EA3-38E2-4979-AE0A-01ADDC46D547} = {827E0CD3-B72D-47B6-A68D-7590B98EB39B}
	EndGlobalSection
EndGlobal
